
Microsoft Visual Studio Solution File, Format Version 12.00
# Visual Studio Version 16
VisualStudioVersion = 16.0.30011.22
MinimumVisualStudioVersion = 10.0.40219.1
Project("{FAE04EC0-301F-11D3-BF4B-00C04F79EFBC}") = "homework1", "homework1\homework1.csproj", "{757A20DE-D370-4FA9-8412-BCF7BC22571C}"
EndProject
Global
	GlobalSection(SolutionConfigurationPlatforms) = preSolution
		Debug|Any CPU = Debug|Any CPU
		Release|Any CPU = Release|Any CPU
	EndGlobalSection
	GlobalSection(ProjectConfigurationPlatforms) = postSolution
		{757A20DE-D370-4FA9-8412-BCF7BC22571C}.Debug|Any CPU.ActiveCfg = Debug|Any CPU
		{757A20DE-D370-4FA9-8412-BCF7BC22571C}.Debug|Any CPU.Build.0 = Debug|Any CPU
		{757A20DE-D370-4FA9-8412-BCF7BC22571C}.Release|Any CPU.ActiveCfg = Release|Any CPU
		{757A20DE-D370-4FA9-8412-BCF7BC22571C}.Release|Any CPU.Build.0 = Release|Any CPU
	EndGlobalSection
	GlobalSection(SolutionProperties) = preSolution
		HideSolutionNode = FALSE
	EndGlobalSection
	GlobalSection(ExtensibilityGlobals) = postSolution
		SolutionGuid = {CD585B44-EE7E-443B-9CB1-6D8E5698CFF4}
	EndGlobalSection
EndGlobal
